{
  "version": 4,
  "terraform_version": "0.13.0",
  "serial": 127,
  "lineage": "b30d49a9-2a36-a9c8-8781-40750a87b7e0",
  "outputs": {},
  "resources": [
    {
      "mode": "managed",
      "type": "aws_iam_service_linked_role",
      "name": "es",
      "provider": "provider[\"registry.terraform.io/hashicorp/aws\"]",
      "instances": [
        {
          "schema_version": 0,
          "attributes": {
            "arn": "arn:aws:iam::012850762433:role/aws-service-role/es.amazonaws.com/AWSServiceRoleForAmazonElasticsearchService",
            "aws_service_name": "es.amazonaws.com",
            "create_date": "2020-10-04T17:11:22Z",
            "custom_suffix": "",
            "description": "",
            "id": "arn:aws:iam::012850762433:role/aws-service-role/es.amazonaws.com/AWSServiceRoleForAmazonElasticsearchService",
            "name": "AWSServiceRoleForAmazonElasticsearchService",
            "path": "/aws-service-role/es.amazonaws.com/",
            "unique_id": "AROAQF7PXCLA3RD32BAUK"
          }
        }
      ]
    }
  ]
}
